
Microsoft Visual Studio Solution File, Format Version 12.00
# Visual Studio 15
VisualStudioVersion = 15.0.28307.572
MinimumVisualStudioVersion = 10.0.40219.1
Project("{FAE04EC0-301F-11D3-BF4B-00C04F79EFBC}") = "Blog", "Blog\Blog.csproj", "{BD045A0B-C10F-41E8-9B7E-C47B530A50ED}"
EndProject
Global
	GlobalSection(SolutionConfigurationPlatforms) = preSolution
		Debug|Any CPU = Debug|Any CPU
		Release|Any CPU = Release|Any CPU
	EndGlobalSection
	GlobalSection(ProjectConfigurationPlatforms) = postSolution
		{BD045A0B-C10F-41E8-9B7E-C47B530A50ED}.Debug|Any CPU.ActiveCfg = Debug|Any CPU
		{BD045A0B-C10F-41E8-9B7E-C47B530A50ED}.Debug|Any CPU.Build.0 = Debug|Any CPU
		{BD045A0B-C10F-41E8-9B7E-C47B530A50ED}.Release|Any CPU.ActiveCfg = Release|Any CPU
		{BD045A0B-C10F-41E8-9B7E-C47B530A50ED}.Release|Any CPU.Build.0 = Release|Any CPU
	EndGlobalSection
	GlobalSection(SolutionProperties) = preSolution
		HideSolutionNode = FALSE
	EndGlobalSection
	GlobalSection(ExtensibilityGlobals) = postSolution
		SolutionGuid = {90F8E12F-2D71-4969-BC77-A25EF9D64D20}
	EndGlobalSection
EndGlobal
